
Microsoft Visual Studio Solution File, Format Version 12.00
# Visual Studio Version 17
VisualStudioVersion = 17.14.36017.23
MinimumVisualStudioVersion = 10.0.40219.1
Project("{FAE04EC0-301F-11D3-BF4B-00C04F79EFBC}") = "APIService", "APIService\APIService.csproj", "{43EF66FF-BE60-4AA0-A015-9BE0C8B18382}"
EndProject
Project("{FAE04EC0-301F-11D3-BF4B-00C04F79EFBC}") = "WebService", "WebService\WebService.csproj", "{D973D20D-FCDB-4063-929A-716462798C0D}"
EndProject
Project("{FAE04EC0-301F-11D3-BF4B-00C04F79EFBC}") = "GatewayService", "GatewayService\GatewayService.csproj", "{49F2F280-8403-44D4-B97C-721DF5F1D734}"
EndProject
Project("{FAE04EC0-301F-11D3-BF4B-00C04F79EFBC}") = "AuthenService", "AuthenService\AuthenService.csproj", "{E2FD839D-1834-407F-BE80-937C41748194}"
EndProject
Project("{2150E333-8FDC-42A3-9474-1A3956D46DE8}") = "Shared", "Shared", "{02EA681E-C7D8-13C7-8484-4AC65E1B71E8}"
EndProject
Project("{2150E333-8FDC-42A3-9474-1A3956D46DE8}") = "Models", "Models", "{EEB2B342-AF99-4256-AAC6-F858984691F8}"
EndProject
Project("{2150E333-8FDC-42A3-9474-1A3956D46DE8}") = "DTO", "DTO", "{8A7DDD52-4DDE-4F34-B0E8-269A30C84A67}"
EndProject
Project("{2150E333-8FDC-42A3-9474-1A3956D46DE8}") = "Helpers", "Helpers", "{A5C24708-FC3F-41DB-94B3-836002738EA5}"
EndProject
Project("{2150E333-8FDC-42A3-9474-1A3956D46DE8}") = "Solution Items", "Solution Items", "{8EC462FD-D22E-90A8-E5CE-7E832BA40C5D}"
	ProjectSection(SolutionItems) = preProject
		.env = .env
	EndProjectSection
EndProject
Global
	GlobalSection(SolutionConfigurationPlatforms) = preSolution
		Debug|Any CPU = Debug|Any CPU
		Release|Any CPU = Release|Any CPU
	EndGlobalSection
	GlobalSection(ProjectConfigurationPlatforms) = postSolution
		{43EF66FF-BE60-4AA0-A015-9BE0C8B18382}.Debug|Any CPU.ActiveCfg = Debug|Any CPU
		{43EF66FF-BE60-4AA0-A015-9BE0C8B18382}.Debug|Any CPU.Build.0 = Debug|Any CPU
		{43EF66FF-BE60-4AA0-A015-9BE0C8B18382}.Release|Any CPU.ActiveCfg = Release|Any CPU
		{43EF66FF-BE60-4AA0-A015-9BE0C8B18382}.Release|Any CPU.Build.0 = Release|Any CPU
		{D973D20D-FCDB-4063-929A-716462798C0D}.Debug|Any CPU.ActiveCfg = Debug|Any CPU
		{D973D20D-FCDB-4063-929A-716462798C0D}.Debug|Any CPU.Build.0 = Debug|Any CPU
		{D973D20D-FCDB-4063-929A-716462798C0D}.Release|Any CPU.ActiveCfg = Release|Any CPU
		{D973D20D-FCDB-4063-929A-716462798C0D}.Release|Any CPU.Build.0 = Release|Any CPU
		{49F2F280-8403-44D4-B97C-721DF5F1D734}.Debug|Any CPU.ActiveCfg = Debug|Any CPU
		{49F2F280-8403-44D4-B97C-721DF5F1D734}.Debug|Any CPU.Build.0 = Debug|Any CPU
		{49F2F280-8403-44D4-B97C-721DF5F1D734}.Release|Any CPU.ActiveCfg = Release|Any CPU
		{49F2F280-8403-44D4-B97C-721DF5F1D734}.Release|Any CPU.Build.0 = Release|Any CPU
		{E2FD839D-1834-407F-BE80-937C41748194}.Debug|Any CPU.ActiveCfg = Debug|Any CPU
		{E2FD839D-1834-407F-BE80-937C41748194}.Debug|Any CPU.Build.0 = Debug|Any CPU
		{E2FD839D-1834-407F-BE80-937C41748194}.Release|Any CPU.ActiveCfg = Release|Any CPU
		{E2FD839D-1834-407F-BE80-937C41748194}.Release|Any CPU.Build.0 = Release|Any CPU
	EndGlobalSection
	GlobalSection(SolutionProperties) = preSolution
		HideSolutionNode = FALSE
	EndGlobalSection
	GlobalSection(NestedProjects) = preSolution
		{EEB2B342-AF99-4256-AAC6-F858984691F8} = {02EA681E-C7D8-13C7-8484-4AC65E1B71E8}
		{8A7DDD52-4DDE-4F34-B0E8-269A30C84A67} = {02EA681E-C7D8-13C7-8484-4AC65E1B71E8}
		{A5C24708-FC3F-41DB-94B3-836002738EA5} = {02EA681E-C7D8-13C7-8484-4AC65E1B71E8}
	EndGlobalSection
	GlobalSection(ExtensibilityGlobals) = postSolution
		SolutionGuid = {4EC000F6-B6B6-4FB9-8F7D-9A7779EE54A0}
	EndGlobalSection
EndGlobal
